
Microsoft Visual Studio Solution File, Format Version 12.00
# Visual Studio 15
VisualStudioVersion = 15.0.28010.2036
MinimumVisualStudioVersion = 10.0.40219.1
Project("{9A19103F-16F7-4668-BE54-9A1E7A4F7556}") = "MinecraftServerStatistics", "MinecraftServerStatistics\MinecraftServerStatistics.csproj", "{DEBEB24C-1F95-4612-B71D-CB395B79B406}"
EndProject
Global
	GlobalSection(SolutionConfigurationPlatforms) = preSolution
		Debug|Any CPU = Debug|Any CPU
		Release|Any CPU = Release|Any CPU
	EndGlobalSection
	GlobalSection(ProjectConfigurationPlatforms) = postSolution
		{DEBEB24C-1F95-4612-B71D-CB395B79B406}.Debug|Any CPU.ActiveCfg = Debug|Any CPU
		{DEBEB24C-1F95-4612-B71D-CB395B79B406}.Debug|Any CPU.Build.0 = Debug|Any CPU
		{DEBEB24C-1F95-4612-B71D-CB395B79B406}.Release|Any CPU.ActiveCfg = Release|Any CPU
		{DEBEB24C-1F95-4612-B71D-CB395B79B406}.Release|Any CPU.Build.0 = Release|Any CPU
	EndGlobalSection
	GlobalSection(SolutionProperties) = preSolution
		HideSolutionNode = FALSE
	EndGlobalSection
	GlobalSection(ExtensibilityGlobals) = postSolution
		SolutionGuid = {A0886C01-8EB6-459A-BE3B-520A74426498}
	EndGlobalSection
EndGlobal
